{
  "name": "testejsonexport",
  "version": "1.0.0",
  "lockfileVersion": 1,
  "requires": true,
  "dependencies": {
    "jsonexport": {
      "version": "3.0.1",
      "resolved": "https://registry.npmjs.org/jsonexport/-/jsonexport-3.0.1.tgz",
      "integrity": "sha512-lxDoAZxmWDt1wa4S75CUYe/ZASdmOYyhV7iYbF4npTWxrDv19ofZpJMGbt20W5Orx0hYuid65zGHpt6rRW0Z3A=="
    }
  }
}
